{
  "name": "rollup-example",
  "version": "1.0.0",
  "lockfileVersion": 2,
  "requires": true,
  "packages": {
    "": {
      "name": "rollup-example",
      "version": "1.0.0",
      "license": "MIT",
      "dependencies": {
        "dotenv": "^16.0.3"
      },
      "devDependencies": {
        "@honeybadger-io/rollup-plugin": "file:../..",
        "rollup": "^3.9.1"
      }
    },
    "../..": {
      "name": "@honeybadger-io/rollup-plugin",
      "version": "5.1.0",
      "dev": true,
      "license": "MIT",
      "dependencies": {
        "fetch-retry": "^5.0.3",
        "form-data": "^4.0.0",
        "node-fetch": "^2.6.9"
      },
      "devDependencies": {
        "@rollup/plugin-commonjs": "^24.0.0",
        "@rollup/plugin-json": "^6.0.0",
        "@rollup/plugin-node-resolve": "^15.0.1",
        "@rollup/plugin-typescript": "^11.0.0",
        "@types/chai": "^4.3.4",
        "@types/mocha": "^10.0.1",
        "@types/node-fetch": "^2.6.2",
        "chai": "^4.3.7",
        "mocha": "^10.2.0",
        "rollup": "^3.9.1",
        "testdouble": "^3.16.8",
        "ts-node": "^10.9.1",
        "typescript": "^4.9.5"
      }
    },
    "node_modules/@honeybadger-io/rollup-plugin": {
      "resolved": "../..",
      "link": true
    },
    "node_modules/dotenv": {
      "version": "16.0.3",
      "resolved": "https://registry.npmjs.org/dotenv/-/dotenv-16.0.3.tgz",
      "integrity": "sha512-7GO6HghkA5fYG9TYnNxi14/7K9f5occMlp3zXAuSxn7CKCxt9xbNWG7yF8hTCSUchlfWSe3uLmlPfigevRItzQ==",
      "engines": {
        "node": ">=12"
      }
    },
    "node_modules/fsevents": {
      "version": "2.3.2",
      "resolved": "https://registry.npmjs.org/fsevents/-/fsevents-2.3.2.tgz",
      "integrity": "sha512-xiqMQR4xAeHTuB9uWm+fFRcIOgKBMiOBP+eXiyT7jsgVCq1bkVygt00oASowB7EdtpOHaaPgKt812P9ab+DDKA==",
      "dev": true,
      "hasInstallScript": true,
      "optional": true,
      "os": [
        "darwin"
      ],
      "engines": {
        "node": "^8.16.0 || ^10.6.0 || >=11.0.0"
      }
    },
    "node_modules/rollup": {
      "version": "3.9.1",
      "resolved": "https://registry.npmjs.org/rollup/-/rollup-3.9.1.tgz",
      "integrity": "sha512-GswCYHXftN8ZKGVgQhTFUJB/NBXxrRGgO2NCy6E8s1rwEJ4Q9/VttNqcYfEvx4dTo4j58YqdC3OVztPzlKSX8w==",
      "dev": true,
      "bin": {
        "rollup": "dist/bin/rollup"
      },
      "engines": {
        "node": ">=14.18.0",
        "npm": ">=8.0.0"
      },
      "optionalDependencies": {
        "fsevents": "~2.3.2"
      }
    }
  },
  "dependencies": {
    "@honeybadger-io/rollup-plugin": {
      "version": "file:../..",
      "requires": {
        "@rollup/plugin-commonjs": "^24.0.0",
        "@rollup/plugin-json": "^6.0.0",
        "@rollup/plugin-node-resolve": "^15.0.1",
        "@rollup/plugin-typescript": "^11.0.0",
        "@types/chai": "^4.3.4",
        "@types/mocha": "^10.0.1",
        "@types/node-fetch": "^2.6.2",
        "chai": "^4.3.7",
        "fetch-retry": "^5.0.3",
        "form-data": "^4.0.0",
        "mocha": "^10.2.0",
        "node-fetch": "^2.6.9",
        "rollup": "^3.9.1",
        "testdouble": "^3.16.8",
        "ts-node": "^10.9.1",
        "typescript": "^4.9.5"
      }
    },
    "dotenv": {
      "version": "16.0.3",
      "resolved": "https://registry.npmjs.org/dotenv/-/dotenv-16.0.3.tgz",
      "integrity": "sha512-7GO6HghkA5fYG9TYnNxi14/7K9f5occMlp3zXAuSxn7CKCxt9xbNWG7yF8hTCSUchlfWSe3uLmlPfigevRItzQ=="
    },
    "fsevents": {
      "version": "2.3.2",
      "resolved": "https://registry.npmjs.org/fsevents/-/fsevents-2.3.2.tgz",
      "integrity": "sha512-xiqMQR4xAeHTuB9uWm+fFRcIOgKBMiOBP+eXiyT7jsgVCq1bkVygt00oASowB7EdtpOHaaPgKt812P9ab+DDKA==",
      "dev": true,
      "optional": true
    },
    "rollup": {
      "version": "3.9.1",
      "resolved": "https://registry.npmjs.org/rollup/-/rollup-3.9.1.tgz",
      "integrity": "sha512-GswCYHXftN8ZKGVgQhTFUJB/NBXxrRGgO2NCy6E8s1rwEJ4Q9/VttNqcYfEvx4dTo4j58YqdC3OVztPzlKSX8w==",
      "dev": true,
      "requires": {
        "fsevents": "~2.3.2"
      }
    }
  }
}
