{
  "name": "example",
  "version": "1.0.0",
  "lockfileVersion": 3,
  "requires": true,
  "packages": {
    "": {
      "name": "example",
      "version": "1.0.0",
      "license": "ISC",
      "dependencies": {
        "@honeybadger-io/plugin-core": "^1.2.1",
        "esbuild": "^0.20.1",
        "react": "^18.2.0",
        "react-dom": "^18.2.0"
      }
    },
    "node_modules/@esbuild/aix-ppc64": {
      "version": "0.20.1",
      "resolved": "https://registry.npmjs.org/@esbuild/aix-ppc64/-/aix-ppc64-0.20.1.tgz",
      "integrity": "sha512-m55cpeupQ2DbuRGQMMZDzbv9J9PgVelPjlcmM5kxHnrBdBx6REaEd7LamYV7Dm8N7rCyR/XwU6rVP8ploKtIkA==",
      "cpu": [
        "ppc64"
      ],
      "optional": true,
      "os": [
        "aix"
      ],
      "engines": {
        "node": ">=12"
      }
    },
    "node_modules/@esbuild/android-arm": {
      "version": "0.20.1",
      "resolved": "https://registry.npmjs.org/@esbuild/android-arm/-/android-arm-0.20.1.tgz",
      "integrity": "sha512-4j0+G27/2ZXGWR5okcJi7pQYhmkVgb4D7UKwxcqrjhvp5TKWx3cUjgB1CGj1mfdmJBQ9VnUGgUhign+FPF2Zgw==",
      "cpu": [
        "arm"
      ],
      "optional": true,
      "os": [
        "android"
      ],
      "engines": {
        "node": ">=12"
      }
    },
    "node_modules/@esbuild/android-arm64": {
      "version": "0.20.1",
      "resolved": "https://registry.npmjs.org/@esbuild/android-arm64/-/android-arm64-0.20.1.tgz",
      "integrity": "sha512-hCnXNF0HM6AjowP+Zou0ZJMWWa1VkD77BXe959zERgGJBBxB+sV+J9f/rcjeg2c5bsukD/n17RKWXGFCO5dD5A==",
      "cpu": [
        "arm64"
      ],
      "optional": true,
      "os": [
        "android"
      ],
      "engines": {
        "node": ">=12"
      }
    },
    "node_modules/@esbuild/android-x64": {
      "version": "0.20.1",
      "resolved": "https://registry.npmjs.org/@esbuild/android-x64/-/android-x64-0.20.1.tgz",
      "integrity": "sha512-MSfZMBoAsnhpS+2yMFYIQUPs8Z19ajwfuaSZx+tSl09xrHZCjbeXXMsUF/0oq7ojxYEpsSo4c0SfjxOYXRbpaA==",
      "cpu": [
        "x64"
      ],
      "optional": true,
      "os": [
        "android"
      ],
      "engines": {
        "node": ">=12"
      }
    },
    "node_modules/@esbuild/darwin-arm64": {
      "version": "0.20.1",
      "resolved": "https://registry.npmjs.org/@esbuild/darwin-arm64/-/darwin-arm64-0.20.1.tgz",
      "integrity": "sha512-Ylk6rzgMD8klUklGPzS414UQLa5NPXZD5tf8JmQU8GQrj6BrFA/Ic9tb2zRe1kOZyCbGl+e8VMbDRazCEBqPvA==",
      "cpu": [
        "arm64"
      ],
      "optional": true,
      "os": [
        "darwin"
      ],
      "engines": {
        "node": ">=12"
      }
    },
    "node_modules/@esbuild/darwin-x64": {
      "version": "0.20.1",
      "resolved": "https://registry.npmjs.org/@esbuild/darwin-x64/-/darwin-x64-0.20.1.tgz",
      "integrity": "sha512-pFIfj7U2w5sMp52wTY1XVOdoxw+GDwy9FsK3OFz4BpMAjvZVs0dT1VXs8aQm22nhwoIWUmIRaE+4xow8xfIDZA==",
      "cpu": [
        "x64"
      ],
      "optional": true,
      "os": [
        "darwin"
      ],
      "engines": {
        "node": ">=12"
      }
    },
    "node_modules/@esbuild/freebsd-arm64": {
      "version": "0.20.1",
      "resolved": "https://registry.npmjs.org/@esbuild/freebsd-arm64/-/freebsd-arm64-0.20.1.tgz",
      "integrity": "sha512-UyW1WZvHDuM4xDz0jWun4qtQFauNdXjXOtIy7SYdf7pbxSWWVlqhnR/T2TpX6LX5NI62spt0a3ldIIEkPM6RHw==",
      "cpu": [
        "arm64"
      ],
      "optional": true,
      "os": [
        "freebsd"
      ],
      "engines": {
        "node": ">=12"
      }
    },
    "node_modules/@esbuild/freebsd-x64": {
      "version": "0.20.1",
      "resolved": "https://registry.npmjs.org/@esbuild/freebsd-x64/-/freebsd-x64-0.20.1.tgz",
      "integrity": "sha512-itPwCw5C+Jh/c624vcDd9kRCCZVpzpQn8dtwoYIt2TJF3S9xJLiRohnnNrKwREvcZYx0n8sCSbvGH349XkcQeg==",
      "cpu": [
        "x64"
      ],
      "optional": true,
      "os": [
        "freebsd"
      ],
      "engines": {
        "node": ">=12"
      }
    },
    "node_modules/@esbuild/linux-arm": {
      "version": "0.20.1",
      "resolved": "https://registry.npmjs.org/@esbuild/linux-arm/-/linux-arm-0.20.1.tgz",
      "integrity": "sha512-LojC28v3+IhIbfQ+Vu4Ut5n3wKcgTu6POKIHN9Wpt0HnfgUGlBuyDDQR4jWZUZFyYLiz4RBBBmfU6sNfn6RhLw==",
      "cpu": [
        "arm"
      ],
      "optional": true,
      "os": [
        "linux"
      ],
      "engines": {
        "node": ">=12"
      }
    },
    "node_modules/@esbuild/linux-arm64": {
      "version": "0.20.1",
      "resolved": "https://registry.npmjs.org/@esbuild/linux-arm64/-/linux-arm64-0.20.1.tgz",
      "integrity": "sha512-cX8WdlF6Cnvw/DO9/X7XLH2J6CkBnz7Twjpk56cshk9sjYVcuh4sXQBy5bmTwzBjNVZze2yaV1vtcJS04LbN8w==",
      "cpu": [
        "arm64"
      ],
      "optional": true,
      "os": [
        "linux"
      ],
      "engines": {
        "node": ">=12"
      }
    },
    "node_modules/@esbuild/linux-ia32": {
      "version": "0.20.1",
      "resolved": "https://registry.npmjs.org/@esbuild/linux-ia32/-/linux-ia32-0.20.1.tgz",
      "integrity": "sha512-4H/sQCy1mnnGkUt/xszaLlYJVTz3W9ep52xEefGtd6yXDQbz/5fZE5dFLUgsPdbUOQANcVUa5iO6g3nyy5BJiw==",
      "cpu": [
        "ia32"
      ],
      "optional": true,
      "os": [
        "linux"
      ],
      "engines": {
        "node": ">=12"
      }
    },
    "node_modules/@esbuild/linux-loong64": {
      "version": "0.20.1",
      "resolved": "https://registry.npmjs.org/@esbuild/linux-loong64/-/linux-loong64-0.20.1.tgz",
      "integrity": "sha512-c0jgtB+sRHCciVXlyjDcWb2FUuzlGVRwGXgI+3WqKOIuoo8AmZAddzeOHeYLtD+dmtHw3B4Xo9wAUdjlfW5yYA==",
      "cpu": [
        "loong64"
      ],
      "optional": true,
      "os": [
        "linux"
      ],
      "engines": {
        "node": ">=12"
      }
    },
    "node_modules/@esbuild/linux-mips64el": {
      "version": "0.20.1",
      "resolved": "https://registry.npmjs.org/@esbuild/linux-mips64el/-/linux-mips64el-0.20.1.tgz",
      "integrity": "sha512-TgFyCfIxSujyuqdZKDZ3yTwWiGv+KnlOeXXitCQ+trDODJ+ZtGOzLkSWngynP0HZnTsDyBbPy7GWVXWaEl6lhA==",
      "cpu": [
        "mips64el"
      ],
      "optional": true,
      "os": [
        "linux"
      ],
      "engines": {
        "node": ">=12"
      }
    },
    "node_modules/@esbuild/linux-ppc64": {
      "version": "0.20.1",
      "resolved": "https://registry.npmjs.org/@esbuild/linux-ppc64/-/linux-ppc64-0.20.1.tgz",
      "integrity": "sha512-b+yuD1IUeL+Y93PmFZDZFIElwbmFfIKLKlYI8M6tRyzE6u7oEP7onGk0vZRh8wfVGC2dZoy0EqX1V8qok4qHaw==",
      "cpu": [
        "ppc64"
      ],
      "optional": true,
      "os": [
        "linux"
      ],
      "engines": {
        "node": ">=12"
      }
    },
    "node_modules/@esbuild/linux-riscv64": {
      "version": "0.20.1",
      "resolved": "https://registry.npmjs.org/@esbuild/linux-riscv64/-/linux-riscv64-0.20.1.tgz",
      "integrity": "sha512-wpDlpE0oRKZwX+GfomcALcouqjjV8MIX8DyTrxfyCfXxoKQSDm45CZr9fanJ4F6ckD4yDEPT98SrjvLwIqUCgg==",
      "cpu": [
        "riscv64"
      ],
      "optional": true,
      "os": [
        "linux"
      ],
      "engines": {
        "node": ">=12"
      }
    },
    "node_modules/@esbuild/linux-s390x": {
      "version": "0.20.1",
      "resolved": "https://registry.npmjs.org/@esbuild/linux-s390x/-/linux-s390x-0.20.1.tgz",
      "integrity": "sha512-5BepC2Au80EohQ2dBpyTquqGCES7++p7G+7lXe1bAIvMdXm4YYcEfZtQrP4gaoZ96Wv1Ute61CEHFU7h4FMueQ==",
      "cpu": [
        "s390x"
      ],
      "optional": true,
      "os": [
        "linux"
      ],
      "engines": {
        "node": ">=12"
      }
    },
    "node_modules/@esbuild/linux-x64": {
      "version": "0.20.1",
      "resolved": "https://registry.npmjs.org/@esbuild/linux-x64/-/linux-x64-0.20.1.tgz",
      "integrity": "sha512-5gRPk7pKuaIB+tmH+yKd2aQTRpqlf1E4f/mC+tawIm/CGJemZcHZpp2ic8oD83nKgUPMEd0fNanrnFljiruuyA==",
      "cpu": [
        "x64"
      ],
      "optional": true,
      "os": [
        "linux"
      ],
      "engines": {
        "node": ">=12"
      }
    },
    "node_modules/@esbuild/netbsd-x64": {
      "version": "0.20.1",
      "resolved": "https://registry.npmjs.org/@esbuild/netbsd-x64/-/netbsd-x64-0.20.1.tgz",
      "integrity": "sha512-4fL68JdrLV2nVW2AaWZBv3XEm3Ae3NZn/7qy2KGAt3dexAgSVT+Hc97JKSZnqezgMlv9x6KV0ZkZY7UO5cNLCg==",
      "cpu": [
        "x64"
      ],
      "optional": true,
      "os": [
        "netbsd"
      ],
      "engines": {
        "node": ">=12"
      }
    },
    "node_modules/@esbuild/openbsd-x64": {
      "version": "0.20.1",
      "resolved": "https://registry.npmjs.org/@esbuild/openbsd-x64/-/openbsd-x64-0.20.1.tgz",
      "integrity": "sha512-GhRuXlvRE+twf2ES+8REbeCb/zeikNqwD3+6S5y5/x+DYbAQUNl0HNBs4RQJqrechS4v4MruEr8ZtAin/hK5iw==",
      "cpu": [
        "x64"
      ],
      "optional": true,
      "os": [
        "openbsd"
      ],
      "engines": {
        "node": ">=12"
      }
    },
    "node_modules/@esbuild/sunos-x64": {
      "version": "0.20.1",
      "resolved": "https://registry.npmjs.org/@esbuild/sunos-x64/-/sunos-x64-0.20.1.tgz",
      "integrity": "sha512-ZnWEyCM0G1Ex6JtsygvC3KUUrlDXqOihw8RicRuQAzw+c4f1D66YlPNNV3rkjVW90zXVsHwZYWbJh3v+oQFM9Q==",
      "cpu": [
        "x64"
      ],
      "optional": true,
      "os": [
        "sunos"
      ],
      "engines": {
        "node": ">=12"
      }
    },
    "node_modules/@esbuild/win32-arm64": {
      "version": "0.20.1",
      "resolved": "https://registry.npmjs.org/@esbuild/win32-arm64/-/win32-arm64-0.20.1.tgz",
      "integrity": "sha512-QZ6gXue0vVQY2Oon9WyLFCdSuYbXSoxaZrPuJ4c20j6ICedfsDilNPYfHLlMH7vGfU5DQR0czHLmJvH4Nzis/A==",
      "cpu": [
        "arm64"
      ],
      "optional": true,
      "os": [
        "win32"
      ],
      "engines": {
        "node": ">=12"
      }
    },
    "node_modules/@esbuild/win32-ia32": {
      "version": "0.20.1",
      "resolved": "https://registry.npmjs.org/@esbuild/win32-ia32/-/win32-ia32-0.20.1.tgz",
      "integrity": "sha512-HzcJa1NcSWTAU0MJIxOho8JftNp9YALui3o+Ny7hCh0v5f90nprly1U3Sj1Ldj/CvKKdvvFsCRvDkpsEMp4DNw==",
      "cpu": [
        "ia32"
      ],
      "optional": true,
      "os": [
        "win32"
      ],
      "engines": {
        "node": ">=12"
      }
    },
    "node_modules/@esbuild/win32-x64": {
      "version": "0.20.1",
      "resolved": "https://registry.npmjs.org/@esbuild/win32-x64/-/win32-x64-0.20.1.tgz",
      "integrity": "sha512-0MBh53o6XtI6ctDnRMeQ+xoCN8kD2qI1rY1KgF/xdWQwoFeKou7puvDfV8/Wv4Ctx2rRpET/gGdz3YlNtNACSA==",
      "cpu": [
        "x64"
      ],
      "optional": true,
      "os": [
        "win32"
      ],
      "engines": {
        "node": ">=12"
      }
    },
    "node_modules/@honeybadger-io/plugin-core": {
      "version": "1.2.1",
      "resolved": "https://registry.npmjs.org/@honeybadger-io/plugin-core/-/plugin-core-1.2.1.tgz",
      "integrity": "sha512-SMK7NdvKgwAwoO5WP2qby+bOrueelFxjxS1OBeMwBBZ+H/qr2y/eSwU/xoq7xT0K6WrZ/Za0m8m1GQHCDQDyCA==",
      "dependencies": {
        "fetch-retry": "^5.0.3",
        "form-data": "^4.0.0",
        "node-fetch": "^2.6.9"
      }
    },
    "node_modules/asynckit": {
      "version": "0.4.0",
      "resolved": "https://registry.npmjs.org/asynckit/-/asynckit-0.4.0.tgz",
      "integrity": "sha512-Oei9OH4tRh0YqU3GxhX79dM/mwVgvbZJaSNaRk+bshkj0S5cfHcgYakreBjrHwatXKbz+IoIdYLxrKim2MjW0Q=="
    },
    "node_modules/combined-stream": {
      "version": "1.0.8",
      "resolved": "https://registry.npmjs.org/combined-stream/-/combined-stream-1.0.8.tgz",
      "integrity": "sha512-FQN4MRfuJeHf7cBbBMJFXhKSDq+2kAArBlmRBvcvFE5BB1HZKXtSFASDhdlz9zOYwxh8lDdnvmMOe/+5cdoEdg==",
      "dependencies": {
        "delayed-stream": "~1.0.0"
      },
      "engines": {
        "node": ">= 0.8"
      }
    },
    "node_modules/delayed-stream": {
      "version": "1.0.0",
      "resolved": "https://registry.npmjs.org/delayed-stream/-/delayed-stream-1.0.0.tgz",
      "integrity": "sha512-ZySD7Nf91aLB0RxL4KGrKHBXl7Eds1DAmEdcoVawXnLD7SDhpNgtuII2aAkg7a7QS41jxPSZ17p4VdGnMHk3MQ==",
      "engines": {
        "node": ">=0.4.0"
      }
    },
    "node_modules/esbuild": {
      "version": "0.20.1",
      "resolved": "https://registry.npmjs.org/esbuild/-/esbuild-0.20.1.tgz",
      "integrity": "sha512-OJwEgrpWm/PCMsLVWXKqvcjme3bHNpOgN7Tb6cQnR5n0TPbQx1/Xrn7rqM+wn17bYeT6MGB5sn1Bh5YiGi70nA==",
      "hasInstallScript": true,
      "bin": {
        "esbuild": "bin/esbuild"
      },
      "engines": {
        "node": ">=12"
      },
      "optionalDependencies": {
        "@esbuild/aix-ppc64": "0.20.1",
        "@esbuild/android-arm": "0.20.1",
        "@esbuild/android-arm64": "0.20.1",
        "@esbuild/android-x64": "0.20.1",
        "@esbuild/darwin-arm64": "0.20.1",
        "@esbuild/darwin-x64": "0.20.1",
        "@esbuild/freebsd-arm64": "0.20.1",
        "@esbuild/freebsd-x64": "0.20.1",
        "@esbuild/linux-arm": "0.20.1",
        "@esbuild/linux-arm64": "0.20.1",
        "@esbuild/linux-ia32": "0.20.1",
        "@esbuild/linux-loong64": "0.20.1",
        "@esbuild/linux-mips64el": "0.20.1",
        "@esbuild/linux-ppc64": "0.20.1",
        "@esbuild/linux-riscv64": "0.20.1",
        "@esbuild/linux-s390x": "0.20.1",
        "@esbuild/linux-x64": "0.20.1",
        "@esbuild/netbsd-x64": "0.20.1",
        "@esbuild/openbsd-x64": "0.20.1",
        "@esbuild/sunos-x64": "0.20.1",
        "@esbuild/win32-arm64": "0.20.1",
        "@esbuild/win32-ia32": "0.20.1",
        "@esbuild/win32-x64": "0.20.1"
      }
    },
    "node_modules/fetch-retry": {
      "version": "5.0.6",
      "resolved": "https://registry.npmjs.org/fetch-retry/-/fetch-retry-5.0.6.tgz",
      "integrity": "sha512-3yurQZ2hD9VISAhJJP9bpYFNQrHHBXE2JxxjY5aLEcDi46RmAzJE2OC9FAde0yis5ElW0jTTzs0zfg/Cca4XqQ=="
    },
    "node_modules/form-data": {
      "version": "4.0.0",
      "resolved": "https://registry.npmjs.org/form-data/-/form-data-4.0.0.tgz",
      "integrity": "sha512-ETEklSGi5t0QMZuiXoA/Q6vcnxcLQP5vdugSpuAyi6SVGi2clPPp+xgEhuMaHC+zGgn31Kd235W35f7Hykkaww==",
      "dependencies": {
        "asynckit": "^0.4.0",
        "combined-stream": "^1.0.8",
        "mime-types": "^2.1.12"
      },
      "engines": {
        "node": ">= 6"
      }
    },
    "node_modules/js-tokens": {
      "version": "4.0.0",
      "resolved": "https://registry.npmjs.org/js-tokens/-/js-tokens-4.0.0.tgz",
      "integrity": "sha512-RdJUflcE3cUzKiMqQgsCu06FPu9UdIJO0beYbPhHN4k6apgJtifcoCtT9bcxOpYBtpD2kCM6Sbzg4CausW/PKQ=="
    },
    "node_modules/loose-envify": {
      "version": "1.4.0",
      "resolved": "https://registry.npmjs.org/loose-envify/-/loose-envify-1.4.0.tgz",
      "integrity": "sha512-lyuxPGr/Wfhrlem2CL/UcnUc1zcqKAImBDzukY7Y5F/yQiNdko6+fRLevlw1HgMySw7f611UIY408EtxRSoK3Q==",
      "dependencies": {
        "js-tokens": "^3.0.0 || ^4.0.0"
      },
      "bin": {
        "loose-envify": "cli.js"
      }
    },
    "node_modules/mime-db": {
      "version": "1.52.0",
      "resolved": "https://registry.npmjs.org/mime-db/-/mime-db-1.52.0.tgz",
      "integrity": "sha512-sPU4uV7dYlvtWJxwwxHD0PuihVNiE7TyAbQ5SWxDCB9mUYvOgroQOwYQQOKPJ8CIbE+1ETVlOoK1UC2nU3gYvg==",
      "engines": {
        "node": ">= 0.6"
      }
    },
    "node_modules/mime-types": {
      "version": "2.1.35",
      "resolved": "https://registry.npmjs.org/mime-types/-/mime-types-2.1.35.tgz",
      "integrity": "sha512-ZDY+bPm5zTTF+YpCrAU9nK0UgICYPT0QtT1NZWFv4s++TNkcgVaT0g6+4R2uI4MjQjzysHB1zxuWL50hzaeXiw==",
      "dependencies": {
        "mime-db": "1.52.0"
      },
      "engines": {
        "node": ">= 0.6"
      }
    },
    "node_modules/node-fetch": {
      "version": "2.7.0",
      "resolved": "https://registry.npmjs.org/node-fetch/-/node-fetch-2.7.0.tgz",
      "integrity": "sha512-c4FRfUm/dbcWZ7U+1Wq0AwCyFL+3nt2bEw05wfxSz+DWpWsitgmSgYmy2dQdWyKC1694ELPqMs/YzUSNozLt8A==",
      "dependencies": {
        "whatwg-url": "^5.0.0"
      },
      "engines": {
        "node": "4.x || >=6.0.0"
      },
      "peerDependencies": {
        "encoding": "^0.1.0"
      },
      "peerDependenciesMeta": {
        "encoding": {
          "optional": true
        }
      }
    },
    "node_modules/react": {
      "version": "18.2.0",
      "resolved": "https://registry.npmjs.org/react/-/react-18.2.0.tgz",
      "integrity": "sha512-/3IjMdb2L9QbBdWiW5e3P2/npwMBaU9mHCSCUzNln0ZCYbcfTsGbTJrU/kGemdH2IWmB2ioZ+zkxtmq6g09fGQ==",
      "dependencies": {
        "loose-envify": "^1.1.0"
      },
      "engines": {
        "node": ">=0.10.0"
      }
    },
    "node_modules/react-dom": {
      "version": "18.2.0",
      "resolved": "https://registry.npmjs.org/react-dom/-/react-dom-18.2.0.tgz",
      "integrity": "sha512-6IMTriUmvsjHUjNtEDudZfuDQUoWXVxKHhlEGSk81n4YFS+r/Kl99wXiwlVXtPBtJenozv2P+hxDsw9eA7Xo6g==",
      "dependencies": {
        "loose-envify": "^1.1.0",
        "scheduler": "^0.23.0"
      },
      "peerDependencies": {
        "react": "^18.2.0"
      }
    },
    "node_modules/scheduler": {
      "version": "0.23.0",
      "resolved": "https://registry.npmjs.org/scheduler/-/scheduler-0.23.0.tgz",
      "integrity": "sha512-CtuThmgHNg7zIZWAXi3AsyIzA3n4xx7aNyjwC2VJldO2LMVDhFK+63xGqq6CsJH4rTAt6/M+N4GhZiDYPx9eUw==",
      "dependencies": {
        "loose-envify": "^1.1.0"
      }
    },
    "node_modules/tr46": {
      "version": "0.0.3",
      "resolved": "https://registry.npmjs.org/tr46/-/tr46-0.0.3.tgz",
      "integrity": "sha512-N3WMsuqV66lT30CrXNbEjx4GEwlow3v6rr4mCcv6prnfwhS01rkgyFdjPNBYd9br7LpXV1+Emh01fHnq2Gdgrw=="
    },
    "node_modules/webidl-conversions": {
      "version": "3.0.1",
      "resolved": "https://registry.npmjs.org/webidl-conversions/-/webidl-conversions-3.0.1.tgz",
      "integrity": "sha512-2JAn3z8AR6rjK8Sm8orRC0h/bcl/DqL7tRPdGZ4I1CjdF+EaMLmYxBHyXuKL849eucPFhvBoxMsflfOb8kxaeQ=="
    },
    "node_modules/whatwg-url": {
      "version": "5.0.0",
      "resolved": "https://registry.npmjs.org/whatwg-url/-/whatwg-url-5.0.0.tgz",
      "integrity": "sha512-saE57nupxk6v3HY35+jzBwYa0rKSy0XR8JSxZPwgLr7ys0IBzhGviA1/TUGJLmSVqs8pb9AnvICXEuOHLprYTw==",
      "dependencies": {
        "tr46": "~0.0.3",
        "webidl-conversions": "^3.0.0"
      }
    }
  }
}
